// !$*UTF8*$!
{
	archiveVersion = 1;
	classes = {
	};
	objectVersion = 46;
	objects = {

/* Begin PBXBuildFile section */
		6E5DFCFA1A8B5F9F00C6845C /* AppDelegate.swift in Sources */ = {isa = PBXBuildFile; fileRef = 6E5DFCF91A8B5F9F00C6845C /* AppDelegate.swift */; };
		6E5DFCFC1A8B5F9F00C6845C /* ViewController.swift in Sources */ = {isa = PBXBuildFile; fileRef = 6E5DFCFB1A8B5F9F00C6845C /* ViewController.swift */; };
		6E5DFCFF1A8B5F9F00C6845C /* Main.storyboard in Resources */ = {isa = PBXBuildFile; fileRef = 6E5DFCFD1A8B5F9F00C6845C /* Main.storyboard */; };
		6E5DFD011A8B5F9F00C6845C /* Images.xcassets in Resources */ = {isa = PBXBuildFile; fileRef = 6E5DFD001A8B5F9F00C6845C /* Images.xcassets */; };
		6E5DFD041A8B5F9F00C6845C /* LaunchScreen.xib in Resources */ = {isa = PBXBuildFile; fileRef = 6E5DFD021A8B5F9F00C6845C /* LaunchScreen.xib */; };
		6E5DFD101A8B5F9F00C6845C /* CustomNewsFeedTests.swift in Sources */ = {isa = PBXBuildFile; fileRef = 6E5DFD0F1A8B5F9F00C6845C /* CustomNewsFeedTests.swift */; };
/* End PBXBuildFile section */

/* Begin PBXContainerItemProxy section */
		6E5DFD0A1A8B5F9F00C6845C /* PBXContainerItemProxy */ = {
			isa = PBXContainerItemProxy;
			containerPortal = 6E5DFCEC1A8B5F9F00C6845C /* Project object */;
			proxyType = 1;
			remoteGlobalIDString = 6E5DFCF31A8B5F9F00C6845C;
			remoteInfo = CustomNewsFeed;
		};
/* End PBXContainerItemProxy section */

/* Begin PBXFileReference section */
		6E5DFCF41A8B5F9F00C6845C /* CustomNewsFeed.app */ = {isa = PBXFileReference; explicitFileType = wrapper.application; includeInIndex = 0; path = CustomNewsFeed.app; sourceTree = BUILT_PRODUCTS_DIR; };
		6E5DFCF81A8B5F9F00C6845C /* Info.plist */ = {isa = PBXFileReference; lastKnownFileType = text.plist.xml; path = Info.plist; sourceTree = "<group>"; };
		6E5DFCF91A8B5F9F00C6845C /* AppDelegate.swift */ = {isa = PBXFileReference; lastKnownFileType = sourcecode.swift; path = AppDelegate.swift; sourceTree = "<group>"; };
		6E5DFCFB1A8B5F9F00C6845C /* ViewController.swift */ = {isa = PBXFileReference; lastKnownFileType = sourcecode.swift; path = ViewController.swift; sourceTree = "<group>"; };
		6E5DFCFE1A8B5F9F00C6845C /* Base */ = {isa = PBXFileReference; lastKnownFileType = file.storyboard; name = Base; path = Base.lproj/Main.storyboard; sourceTree = "<group>"; };
		6E5DFD001A8B5F9F00C6845C /* Images.xcassets */ = {isa = PBXFileReference; lastKnownFileType = folder.assetcatalog; path = Images.xcassets; sourceTree = "<group>"; };
		6E5DFD031A8B5F9F00C6845C /* Base */ = {isa = PBXFileReference; lastKnownFileType = file.xib; name = Base; path = Base.lproj/LaunchScreen.xib; sourceTree = "<group>"; };
		6E5DFD091A8B5F9F00C6845C /* CustomNewsFeedTests.xctest */ = {isa = PBXFileReference; explicitFileType = wrapper.cfbundle; includeInIndex = 0; path = CustomNewsFeedTests.xctest; sourceTree = BUILT_PRODUCTS_DIR; };
		6E5DFD0E1A8B5F9F00C6845C /* Info.plist */ = {isa = PBXFileReference; lastKnownFileType = text.plist.xml; path = Info.plist; sourceTree = "<group>"; };
		6E5DFD0F1A8B5F9F00C6845C /* CustomNewsFeedTests.swift */ = {isa = PBXFileReference; lastKnownFileType = sourcecode.swift; path = CustomNewsFeedTests.swift; sourceTree = "<group>"; };
/* End PBXFileReference section */

/* Begin PBXFrameworksBuildPhase section */
		6E5DFCF11A8B5F9F00C6845C /* Frameworks */ = {
			isa = PBXFrameworksBuildPhase;
			buildActionMask = 2147483647;
			files = (
			);
			runOnlyForDeploymentPostprocessing = 0;
		};
		6E5DFD061A8B5F9F00C6845C /* Frameworks */ = {
			isa = PBXFrameworksBuildPhase;
			buildActionMask = 2147483647;
			files = (
			);
			runOnlyForDeploymentPostprocessing = 0;
		};
/* End PBXFrameworksBuildPhase section */

/* Begin PBXGroup section */
		6E5DFCEB1A8B5F9F00C6845C = {
			isa = PBXGroup;
			children = (
				6E5DFCF61A8B5F9F00C6845C /* CustomNewsFeed */,
				6E5DFD0C1A8B5F9F00C6845C /* CustomNewsFeedTests */,
				6E5DFCF51A8B5F9F00C6845C /* Products */,
			);
			sourceTree = "<group>";
		};
		6E5DFCF51A8B5F9F00C6845C /* Products */ = {
			isa = PBXGroup;
			children = (
				6E5DFCF41A8B5F9F00C6845C /* CustomNewsFeed.app */,
				6E5DFD091A8B5F9F00C6845C /* CustomNewsFeedTests.xctest */,
			);
			name = Products;
			sourceTree = "<group>";
		};
		6E5DFCF61A8B5F9F00C6845C /* CustomNewsFeed */ = {
			isa = PBXGroup;
			children = (
				6E5DFCF91A8B5F9F00C6845C /* AppDelegate.swift */,
				6E5DFCFB1A8B5F9F00C6845C /* ViewController.swift */,
				6E5DFCFD1A8B5F9F00C6845C /* Main.storyboard */,
				6E5DFD001A8B5F9F00C6845C /* Images.xcassets */,
				6E5DFD021A8B5F9F00C6845C /* LaunchScreen.xib */,
				6E5DFCF71A8B5F9F00C6845C /* Supporting Files */,
			);
			path = CustomNewsFeed;
			sourceTree = "<group>";
		};
		6E5DFCF71A8B5F9F00C6845C /* Supporting Files */ = {
			isa = PBXGroup;
			children = (
				6E5DFCF81A8B5F9F00C6845C /* Info.plist */,
			);
			name = "Supporting Files";
			sourceTree = "<group>";
		};
		6E5DFD0C1A8B5F9F00C6845C /* CustomNewsFeedTests */ = {
			isa = PBXGroup;
			children = (
				6E5DFD0F1A8B5F9F00C6845C /* CustomNewsFeedTests.swift */,
				6E5DFD0D1A8B5F9F00C6845C /* Supporting Files */,
			);
			path = CustomNewsFeedTests;
			sourceTree = "<group>";
		};
		6E5DFD0D1A8B5F9F00C6845C /* Supporting Files */ = {
			isa = PBXGroup;
			children = (
				6E5DFD0E1A8B5F9F00C6845C /* Info.plist */,
			);
			name = "Supporting Files";
			sourceTree = "<group>";
		};
/* End PBXGroup section */

/* Begin PBXNativeTarget section */
		6E5DFCF31A8B5F9F00C6845C /* CustomNewsFeed */ = {
			isa = PBXNativeTarget;
			buildConfigurationList = 6E5DFD131A8B5F9F00C6845C /* Build configuration list for PBXNativeTarget "CustomNewsFeed" */;
			buildPhases = (
				6E5DFCF01A8B5F9F00C6845C /* Sources */,
				6E5DFCF11A8B5F9F00C6845C /* Frameworks */,
				6E5DFCF21A8B5F9F00C6845C /* Resources */,
			);
			buildRules = (
			);
			dependencies = (
			);
			name = CustomNewsFeed;
			productName = CustomNewsFeed;
			productReference = 6E5DFCF41A8B5F9F00C6845C /* CustomNewsFeed.app */;
			productType = "com.apple.product-type.application";
		};
		6E5DFD081A8B5F9F00C6845C /* CustomNewsFeedTests */ = {
			isa = PBXNativeTarget;
			buildConfigurationList = 6E5DFD161A8B5F9F00C6845C /* Build configuration list for PBXNativeTarget "CustomNewsFeedTests" */;
			buildPhases = (
				6E5DFD051A8B5F9F00C6845C /* Sources */,
				6E5DFD061A8B5F9F00C6845C /* Frameworks */,
				6E5DFD071A8B5F9F00C6845C /* Resources */,
			);
			buildRules = (
			);
			dependencies = (
				6E5DFD0B1A8B5F9F00C6845C /* PBXTargetDependency */,
			);
			name = CustomNewsFeedTests;
			productName = CustomNewsFeedTests;
			productReference = 6E5DFD091A8B5F9F00C6845C /* CustomNewsFeedTests.xctest */;
			productType = "com.apple.product-type.bundle.unit-test";
		};
/* End PBXNativeTarget section */

/* Begin PBXProject section */
		6E5DFCEC1A8B5F9F00C6845C /* Project object */ = {
			isa = PBXProject;
			attributes = {
				LastUpgradeCheck = 0610;
				ORGANIZATIONNAME = "Gourav Nayyar";
				TargetAttributes = {
					6E5DFCF31A8B5F9F00C6845C = {
						CreatedOnToolsVersion = 6.1.1;
					};
					6E5DFD081A8B5F9F00C6845C = {
						CreatedOnToolsVersion = 6.1.1;
						TestTargetID = 6E5DFCF31A8B5F9F00C6845C;
					};
				};
			};
			buildConfigurationList = 6E5DFCEF1A8B5F9F00C6845C /* Build configuration list for PBXProject "CustomNewsFeed" */;
			compatibilityVersion = "Xcode 3.2";
			developmentRegion = English;
			hasScannedForEncodings = 0;
			knownRegions = (
				en,
				Base,
			);
			mainGroup = 6E5DFCEB1A8B5F9F00C6845C;
			productRefGroup = 6E5DFCF51A8B5F9F00C6845C /* Products */;
			projectDirPath = "";
			projectRoot = "";
			targets = (
				6E5DFCF31A8B5F9F00C6845C /* CustomNewsFeed */,
				6E5DFD081A8B5F9F00C6845C /* CustomNewsFeedTests */,
			);
		};
/* End PBXProject section */

/* Begin PBXResourcesBuildPhase section */
		6E5DFCF21A8B5F9F00C6845C /* Resources */ = {
			isa = PBXResourcesBuildPhase;
			buildActionMask = 2147483647;
			files = (
				6E5DFCFF1A8B5F9F00C6845C /* Main.storyboard in Resources */,
				6E5DFD041A8B5F9F00C6845C /* LaunchScreen.xib in Resources */,
				6E5DFD011A8B5F9F00C6845C /* Images.xcassets in Resources */,
			);
			runOnlyForDeploymentPostprocessing = 0;
		};
		6E5DFD071A8B5F9F00C6845C /* Resources */ = {
			isa = PBXResourcesBuildPhase;
			buildActionMask = 2147483647;
			files = (
			);
			runOnlyForDeploymentPostprocessing = 0;
		};
/* End PBXResourcesBuildPhase section */

/* Begin PBXSourcesBuildPhase section */
		6E5DFCF01A8B5F9F00C6845C /* Sources */ = {
			isa = PBXSourcesBuildPhase;
			buildActionMask = 2147483647;
			files = (
				6E5DFCFC1A8B5F9F00C6845C /* ViewController.swift in Sources */,
				6E5DFCFA1A8B5F9F00C6845C /* AppDelegate.swift in Sources */,
			);
			runOnlyForDeploymentPostprocessing = 0;
		};
		6E5DFD051A8B5F9F00C6845C /* Sources */ = {
			isa = PBXSourcesBuildPhase;
			buildActionMask = 2147483647;
			files = (
				6E5DFD101A8B5F9F00C6845C /* CustomNewsFeedTests.swift in Sources */,
			);
			runOnlyForDeploymentPostprocessing = 0;
		};
/* End PBXSourcesBuildPhase section */

/* Begin PBXTargetDependency section */
		6E5DFD0B1A8B5F9F00C6845C /* PBXTargetDependency */ = {
			isa = PBXTargetDependency;
			target = 6E5DFCF31A8B5F9F00C6845C /* CustomNewsFeed */;
			targetProxy = 6E5DFD0A1A8B5F9F00C6845C /* PBXContainerItemProxy */;
		};
/* End PBXTargetDependency section */

/* Begin PBXVariantGroup section */
		6E5DFCFD1A8B5F9F00C6845C /* Main.storyboard */ = {
			isa = PBXVariantGroup;
			children = (
				6E5DFCFE1A8B5F9F00C6845C /* Base */,
			);
			name = Main.storyboard;
			sourceTree = "<group>";
		};
		6E5DFD021A8B5F9F00C6845C /* LaunchScreen.xib */ = {
			isa = PBXVariantGroup;
			children = (
				6E5DFD031A8B5F9F00C6845C /* Base */,
			);
			name = LaunchScreen.xib;
			sourceTree = "<group>";
		};
/* End PBXVariantGroup section */

/* Begin XCBuildConfiguration section */
		6E5DFD111A8B5F9F00C6845C /* Debug */ = {
			isa = XCBuildConfiguration;
			buildSettings = {
				ALWAYS_SEARCH_USER_PATHS = NO;
				CLANG_CXX_LANGUAGE_STANDARD = "gnu++0x";
				CLANG_CXX_LIBRARY = "libc++";
				CLANG_ENABLE_MODULES = YES;
				CLANG_ENABLE_OBJC_ARC = YES;
				CLANG_WARN_BOOL_CONVERSION = YES;
				CLANG_WARN_CONSTANT_CONVERSION = YES;
				CLANG_WARN_DIRECT_OBJC_ISA_USAGE = YES_ERROR;
				CLANG_WARN_EMPTY_BODY = YES;
				CLANG_WARN_ENUM_CONVERSION = YES;
				CLANG_WARN_INT_CONVERSION = YES;
				CLANG_WARN_OBJC_ROOT_CLASS = YES_ERROR;
				CLANG_WARN_UNREACHABLE_CODE = YES;
				CLANG_WARN__DUPLICATE_METHOD_MATCH = YES;
				"CODE_SIGN_IDENTITY[sdk=iphoneos*]" = "iPhone Developer";
				COPY_PHASE_STRIP = NO;
				ENABLE_STRICT_OBJC_MSGSEND = YES;
				GCC_C_LANGUAGE_STANDARD = gnu99;
				GCC_DYNAMIC_NO_PIC = NO;
				GCC_OPTIMIZATION_LEVEL = 0;
				GCC_PREPROCESSOR_DEFINITIONS = (
					"DEBUG=1",
					"$(inherited)",
				);
				GCC_SYMBOLS_PRIVATE_EXTERN = NO;
				GCC_WARN_64_TO_32_BIT_CONVERSION = YES;
				GCC_WARN_ABOUT_RETURN_TYPE = YES_ERROR;
				GCC_WARN_UNDECLARED_SELECTOR = YES;
				GCC_WARN_UNINITIALIZED_AUTOS = YES_AGGRESSIVE;
				GCC_WARN_UNUSED_FUNCTION = YES;
				GCC_WARN_UNUSED_VARIABLE = YES;
				IPHONEOS_DEPLOYMENT_TARGET = 8.1;
				MTL_ENABLE_DEBUG_INFO = YES;
				ONLY_ACTIVE_ARCH = YES;
				SDKROOT = iphoneos;
				SWIFT_OPTIMIZATION_LEVEL = "-Onone";
				TARGETED_DEVICE_FAMILY = "1,2";
			};
			name = Debug;
		};
		6E5DFD121A8B5F9F00C6845C /* Release */ = {
			isa = XCBuildConfiguration;
			buildSettings = {
				ALWAYS_SEARCH_USER_PATHS = NO;
				CLANG_CXX_LANGUAGE_STANDARD = "gnu++0x";
				CLANG_CXX_LIBRARY = "libc++";
				CLANG_ENABLE_MODULES = YES;
				CLANG_ENABLE_OBJC_ARC = YES;
				CLANG_WARN_BOOL_CONVERSION = YES;
				CLANG_WARN_CONSTANT_CONVERSION = YES;
				CLANG_WARN_DIRECT_OBJC_ISA_USAGE = YES_ERROR;
				CLANG_WARN_EMPTY_BODY = YES;
				CLANG_WARN_ENUM_CONVERSION = YES;
				CLANG_WARN_INT_CONVERSION = YES;
				CLANG_WARN_OBJC_ROOT_CLASS = YES_ERROR;
				CLANG_WARN_UNREACHABLE_CODE = YES;
				CLANG_WARN__DUPLICATE_METHOD_MATCH = YES;
				"CODE_SIGN_IDENTITY[sdk=iphoneos*]" = "iPhone Developer";
				COPY_PHASE_STRIP = YES;
				ENABLE_NS_ASSERTIONS = NO;
				ENABLE_STRICT_OBJC_MSGSEND = YES;
				GCC_C_LANGUAGE_STANDARD = gnu99;
				GCC_WARN_64_TO_32_BIT_CONVERSION = YES;
				GCC_WARN_ABOUT_RETURN_TYPE = YES_ERROR;
				GCC_WARN_UNDECLARED_SELECTOR = YES;
				GCC_WARN_UNINITIALIZED_AUTOS = YES_AGGRESSIVE;
				GCC_WARN_UNUSED_FUNCTION = YES;
				GCC_WARN_UNUSED_VARIABLE = YES;
				IPHONEOS_DEPLOYMENT_TARGET = 8.1;
				MTL_ENABLE_DEBUG_INFO = NO;
				SDKROOT = iphoneos;
				TARGETED_DEVICE_FAMILY = "1,2";
				VALIDATE_PRODUCT = YES;
			};
			name = Release;
		};
		6E5DFD141A8B5F9F00C6845C /* Debug */ = {
			isa = XCBuildConfiguration;
			buildSettings = {
				ASSETCATALOG_COMPILER_APPICON_NAME = AppIcon;
				INFOPLIST_FILE = CustomNewsFeed/Info.plist;
				LD_RUNPATH_SEARCH_PATHS = "$(inherited) @executable_path/Frameworks";
				PRODUCT_NAME = "$(TARGET_NAME)";
			};
			name = Debug;
		};
		6E5DFD151A8B5F9F00C6845C /* Release */ = {
			isa = XCBuildConfiguration;
			buildSettings = {
				ASSETCATALOG_COMPILER_APPICON_NAME = AppIcon;
				INFOPLIST_FILE = CustomNewsFeed/Info.plist;
				LD_RUNPATH_SEARCH_PATHS = "$(inherited) @executable_path/Frameworks";
				PRODUCT_NAME = "$(TARGET_NAME)";
			};
			name = Release;
		};
		6E5DFD171A8B5F9F00C6845C /* Debug */ = {
			isa = XCBuildConfiguration;
			buildSettings = {
				BUNDLE_LOADER = "$(TEST_HOST)";
				FRAMEWORK_SEARCH_PATHS = (
					"$(SDKROOT)/Developer/Library/Frameworks",
					"$(inherited)",
				);
				GCC_PREPROCESSOR_DEFINITIONS = (
					"DEBUG=1",
					"$(inherited)",
				);
				INFOPLIST_FILE = CustomNewsFeedTests/Info.plist;
				LD_RUNPATH_SEARCH_PATHS = "$(inherited) @executable_path/Frameworks @loader_path/Frameworks";
				PRODUCT_NAME = "$(TARGET_NAME)";
				TEST_HOST = "$(BUILT_PRODUCTS_DIR)/CustomNewsFeed.app/CustomNewsFeed";
			};
			name = Debug;
		};
		6E5DFD181A8B5F9F00C6845C /* Release */ = {
			isa = XCBuildConfiguration;
			buildSettings = {
				BUNDLE_LOADER = "$(TEST_HOST)";
				FRAMEWORK_SEARCH_PATHS = (
					"$(SDKROOT)/Developer/Library/Frameworks",
					"$(inherited)",
				);
				INFOPLIST_FILE = CustomNewsFeedTests/Info.plist;
				LD_RUNPATH_SEARCH_PATHS = "$(inherited) @executable_path/Frameworks @loader_path/Frameworks";
				PRODUCT_NAME = "$(TARGET_NAME)";
				TEST_HOST = "$(BUILT_PRODUCTS_DIR)/CustomNewsFeed.app/CustomNewsFeed";
			};
			name = Release;
		};
/* End XCBuildConfiguration section */

/* Begin XCConfigurationList section */
		6E5DFCEF1A8B5F9F00C6845C /* Build configuration list for PBXProject "CustomNewsFeed" */ = {
			isa = XCConfigurationList;
			buildConfigurations = (
				6E5DFD111A8B5F9F00C6845C /* Debug */,
				6E5DFD121A8B5F9F00C6845C /* Release */,
			);
			defaultConfigurationIsVisible = 0;
			defaultConfigurationName = Release;
		};
		6E5DFD131A8B5F9F00C6845C /* Build configuration list for PBXNativeTarget "CustomNewsFeed" */ = {
			isa = XCConfigurationList;
			buildConfigurations = (
				6E5DFD141A8B5F9F00C6845C /* Debug */,
				6E5DFD151A8B5F9F00C6845C /* Release */,
			);
			defaultConfigurationIsVisible = 0;
		};
		6E5DFD161A8B5F9F00C6845C /* Build configuration list for PBXNativeTarget "CustomNewsFeedTests" */ = {
			isa = XCConfigurationList;
			buildConfigurations = (
				6E5DFD171A8B5F9F00C6845C /* Debug */,
				6E5DFD181A8B5F9F00C6845C /* Release */,
			);
			defaultConfigurationIsVisible = 0;
		};
/* End XCConfigurationList section */
	};
	rootObject = 6E5DFCEC1A8B5F9F00C6845C /* Project object */;
}
